
Microsoft Visual Studio Solution File, Format Version 12.00
# Visual Studio 14
VisualStudioVersion = 14.0.25123.0
MinimumVisualStudioVersion = 10.0.40219.1
Project("{8BC9CEB8-8B4A-11D0-8D11-00A0C91BC942}") = "Tomogram", "Tomogram\Tomogram.vcxproj", "{A50293C7-A6A5-475B-BED5-6448D44E8C46}"
EndProject
Project("{8BC9CEB8-8B4A-11D0-8D11-00A0C91BC942}") = "tomoData", "tomoData\tomoData.vcxproj", "{7F161D00-4F63-44B8-B4A8-B512F10A2263}"
EndProject
Project("{8BC9CEB8-8B4A-11D0-8D11-00A0C91BC942}") = "CannyOperator", "CannyOperator\CannyOperator.vcxproj", "{DC2D1D9A-50F9-4A91-ACB6-0E1768B500A1}"
EndProject
Project("{8BC9CEB8-8B4A-11D0-8D11-00A0C91BC942}") = "GaussBlur", "GaussBlur\GaussBlur.vcxproj", "{A87EFE59-8E62-4CA6-ABF5-10B1AB986C83}"
EndProject
Project("{8BC9CEB8-8B4A-11D0-8D11-00A0C91BC942}") = "RayCasting", "RayCasting\RayCasting.vcxproj", "{04C1C3A8-09DE-4550-B112-C70E2E0150FA}"
EndProject
Project("{8BC9CEB8-8B4A-11D0-8D11-00A0C91BC942}") = "Statistics", "Statistics\Statistics.vcxproj", "{1EF6D08B-FBBB-40E4-B705-5B176414DF9E}"
EndProject
Project("{8BC9CEB8-8B4A-11D0-8D11-00A0C91BC942}") = "MyShaders", "MyShaders\MyShaders.vcxproj", "{4C5991A6-D1A2-4BCE-96D0-F1964C2A838C}"
EndProject
Project("{2150E333-8FDC-42A3-9474-1A3956D46DE8}") = "2D", "2D", "{D7D09943-59C4-4DEF-8ABD-8E1556CBC047}"
EndProject
Project("{2150E333-8FDC-42A3-9474-1A3956D46DE8}") = "3D", "3D", "{0D49FA52-5E71-4EA8-8BF1-61C303C41B8E}"
EndProject
Global
	GlobalSection(SolutionConfigurationPlatforms) = preSolution
		Debug|Win32 = Debug|Win32
		Debug|x64 = Debug|x64
		Release|Win32 = Release|Win32
		Release|x64 = Release|x64
	EndGlobalSection
	GlobalSection(ProjectConfigurationPlatforms) = postSolution
		{A50293C7-A6A5-475B-BED5-6448D44E8C46}.Debug|Win32.ActiveCfg = Debug|Win32
		{A50293C7-A6A5-475B-BED5-6448D44E8C46}.Debug|Win32.Build.0 = Debug|Win32
		{A50293C7-A6A5-475B-BED5-6448D44E8C46}.Debug|x64.ActiveCfg = Debug|Win32
		{A50293C7-A6A5-475B-BED5-6448D44E8C46}.Release|Win32.ActiveCfg = Release|Win32
		{A50293C7-A6A5-475B-BED5-6448D44E8C46}.Release|Win32.Build.0 = Release|Win32
		{A50293C7-A6A5-475B-BED5-6448D44E8C46}.Release|x64.ActiveCfg = Release|Win32
		{7F161D00-4F63-44B8-B4A8-B512F10A2263}.Debug|Win32.ActiveCfg = Debug|Win32
		{7F161D00-4F63-44B8-B4A8-B512F10A2263}.Debug|Win32.Build.0 = Debug|Win32
		{7F161D00-4F63-44B8-B4A8-B512F10A2263}.Debug|x64.ActiveCfg = Debug|Win32
		{7F161D00-4F63-44B8-B4A8-B512F10A2263}.Release|Win32.ActiveCfg = Release|Win32
		{7F161D00-4F63-44B8-B4A8-B512F10A2263}.Release|Win32.Build.0 = Release|Win32
		{7F161D00-4F63-44B8-B4A8-B512F10A2263}.Release|x64.ActiveCfg = Release|Win32
		{DC2D1D9A-50F9-4A91-ACB6-0E1768B500A1}.Debug|Win32.ActiveCfg = Debug|Win32
		{DC2D1D9A-50F9-4A91-ACB6-0E1768B500A1}.Debug|Win32.Build.0 = Debug|Win32
		{DC2D1D9A-50F9-4A91-ACB6-0E1768B500A1}.Debug|x64.ActiveCfg = Debug|Win32
		{DC2D1D9A-50F9-4A91-ACB6-0E1768B500A1}.Release|Win32.ActiveCfg = Release|Win32
		{DC2D1D9A-50F9-4A91-ACB6-0E1768B500A1}.Release|Win32.Build.0 = Release|Win32
		{DC2D1D9A-50F9-4A91-ACB6-0E1768B500A1}.Release|x64.ActiveCfg = Release|Win32
		{A87EFE59-8E62-4CA6-ABF5-10B1AB986C83}.Debug|Win32.ActiveCfg = Debug|Win32
		{A87EFE59-8E62-4CA6-ABF5-10B1AB986C83}.Debug|Win32.Build.0 = Debug|Win32
		{A87EFE59-8E62-4CA6-ABF5-10B1AB986C83}.Debug|x64.ActiveCfg = Debug|Win32
		{A87EFE59-8E62-4CA6-ABF5-10B1AB986C83}.Release|Win32.ActiveCfg = Release|Win32
		{A87EFE59-8E62-4CA6-ABF5-10B1AB986C83}.Release|Win32.Build.0 = Release|Win32
		{A87EFE59-8E62-4CA6-ABF5-10B1AB986C83}.Release|x64.ActiveCfg = Release|Win32
		{04C1C3A8-09DE-4550-B112-C70E2E0150FA}.Debug|Win32.ActiveCfg = Debug|Win32
		{04C1C3A8-09DE-4550-B112-C70E2E0150FA}.Debug|Win32.Build.0 = Debug|Win32
		{04C1C3A8-09DE-4550-B112-C70E2E0150FA}.Debug|x64.ActiveCfg = Debug|Win32
		{04C1C3A8-09DE-4550-B112-C70E2E0150FA}.Release|Win32.ActiveCfg = Release|Win32
		{04C1C3A8-09DE-4550-B112-C70E2E0150FA}.Release|Win32.Build.0 = Release|Win32
		{04C1C3A8-09DE-4550-B112-C70E2E0150FA}.Release|x64.ActiveCfg = Release|Win32
		{1EF6D08B-FBBB-40E4-B705-5B176414DF9E}.Debug|Win32.ActiveCfg = Debug|Win32
		{1EF6D08B-FBBB-40E4-B705-5B176414DF9E}.Debug|Win32.Build.0 = Debug|Win32
		{1EF6D08B-FBBB-40E4-B705-5B176414DF9E}.Debug|x64.ActiveCfg = Debug|Win32
		{1EF6D08B-FBBB-40E4-B705-5B176414DF9E}.Release|Win32.ActiveCfg = Release|Win32
		{1EF6D08B-FBBB-40E4-B705-5B176414DF9E}.Release|Win32.Build.0 = Release|Win32
		{1EF6D08B-FBBB-40E4-B705-5B176414DF9E}.Release|x64.ActiveCfg = Release|Win32
		{4C5991A6-D1A2-4BCE-96D0-F1964C2A838C}.Debug|Win32.ActiveCfg = Debug|Win32
		{4C5991A6-D1A2-4BCE-96D0-F1964C2A838C}.Debug|Win32.Build.0 = Debug|Win32
		{4C5991A6-D1A2-4BCE-96D0-F1964C2A838C}.Debug|x64.ActiveCfg = Debug|x64
		{4C5991A6-D1A2-4BCE-96D0-F1964C2A838C}.Debug|x64.Build.0 = Debug|x64
		{4C5991A6-D1A2-4BCE-96D0-F1964C2A838C}.Release|Win32.ActiveCfg = Release|Win32
		{4C5991A6-D1A2-4BCE-96D0-F1964C2A838C}.Release|Win32.Build.0 = Release|Win32
		{4C5991A6-D1A2-4BCE-96D0-F1964C2A838C}.Release|x64.ActiveCfg = Release|x64
		{4C5991A6-D1A2-4BCE-96D0-F1964C2A838C}.Release|x64.Build.0 = Release|x64
	EndGlobalSection
	GlobalSection(SolutionProperties) = preSolution
		HideSolutionNode = FALSE
	EndGlobalSection
	GlobalSection(NestedProjects) = preSolution
		{DC2D1D9A-50F9-4A91-ACB6-0E1768B500A1} = {D7D09943-59C4-4DEF-8ABD-8E1556CBC047}
		{A87EFE59-8E62-4CA6-ABF5-10B1AB986C83} = {D7D09943-59C4-4DEF-8ABD-8E1556CBC047}
		{04C1C3A8-09DE-4550-B112-C70E2E0150FA} = {0D49FA52-5E71-4EA8-8BF1-61C303C41B8E}
		{1EF6D08B-FBBB-40E4-B705-5B176414DF9E} = {D7D09943-59C4-4DEF-8ABD-8E1556CBC047}
		{4C5991A6-D1A2-4BCE-96D0-F1964C2A838C} = {0D49FA52-5E71-4EA8-8BF1-61C303C41B8E}
	EndGlobalSection
EndGlobal
